<Solution>
  <Folder Name="/src/">
    <Project Path="src/GymFlow.Api/GymFlow.Api.csproj" />
    <Project Path="src/GymFlow.Application/GymFlow.Application.csproj" />
    <Project Path="src/GymFlow.Domain/GymFlow.Domain.csproj" />
    <Project Path="src/GymFlow.Infrastructure/GymFlow.Infrastructure.csproj" />
  </Folder>
  <Folder Name="/tests/">
    <Project Path="tests/GymFlow.Domain.Tests/GymFlow.Domain.Tests.csproj" />
  </Folder>
</Solution>
